
Microsoft Visual Studio Solution File, Format Version 12.00
# Visual Studio Version 16
VisualStudioVersion = 16.0.30503.244
MinimumVisualStudioVersion = 10.0.40219.1
Project("{FAE04EC0-301F-11D3-BF4B-00C04F79EFBC}") = "PasswordGenerator", "PasswordGenerator\PasswordGenerator.csproj", "{FD33415A-5BCA-492C-8FD2-75EABCE9087D}"
EndProject
Project("{54435603-DBB4-11D2-8724-00A0C9A8B90C}") = "PasswordGeneratorGUI", "Prod\PasswordGeneratorGUI\PasswordGeneratorGUI.vdproj", "{F4F2DCCE-3444-4561-9B68-60B144A5B8C6}"
EndProject
Global
	GlobalSection(SolutionConfigurationPlatforms) = preSolution
		Debug|Any CPU = Debug|Any CPU
		Release|Any CPU = Release|Any CPU
	EndGlobalSection
	GlobalSection(ProjectConfigurationPlatforms) = postSolution
		{FD33415A-5BCA-492C-8FD2-75EABCE9087D}.Debug|Any CPU.ActiveCfg = Debug|Any CPU
		{FD33415A-5BCA-492C-8FD2-75EABCE9087D}.Debug|Any CPU.Build.0 = Debug|Any CPU
		{FD33415A-5BCA-492C-8FD2-75EABCE9087D}.Release|Any CPU.ActiveCfg = Release|Any CPU
		{FD33415A-5BCA-492C-8FD2-75EABCE9087D}.Release|Any CPU.Build.0 = Release|Any CPU
		{F4F2DCCE-3444-4561-9B68-60B144A5B8C6}.Debug|Any CPU.ActiveCfg = Debug
		{F4F2DCCE-3444-4561-9B68-60B144A5B8C6}.Debug|Any CPU.Build.0 = Debug
		{F4F2DCCE-3444-4561-9B68-60B144A5B8C6}.Release|Any CPU.ActiveCfg = Release
		{F4F2DCCE-3444-4561-9B68-60B144A5B8C6}.Release|Any CPU.Build.0 = Release
	EndGlobalSection
	GlobalSection(SolutionProperties) = preSolution
		HideSolutionNode = FALSE
	EndGlobalSection
	GlobalSection(ExtensibilityGlobals) = postSolution
		SolutionGuid = {03ABE5A3-B6ED-464F-9A37-CCBB3822D82C}
	EndGlobalSection
EndGlobal
